Microsoft Visual Studio Solution File, Format Version 12.00
# Visual Studio Version 17
VisualStudioVersion = 17.0.31903.59
MinimumVisualStudioVersion = 10.0.40219.1
Project("{2150E333-8FDC-42A3-9474-1A3956D46DE8}") = "src", "src", "{C8F8A561-17B5-4E6E-9E2C-1D8E1A7F3E2B}"
EndProject
Project("{2150E333-8FDC-42A3-9474-1A3956D46DE8}") = "Services", "Services", "{A1B2C3D4-E5F6-7890-1234-567890ABCDEF}"
EndProject
Project("{2150E333-8FDC-42A3-9474-1A3956D46DE8}") = "Shared", "Shared", "{B2C3D4E5-F6A7-8901-2345-678901BCDEF0}"
EndProject
Project("{FAE04EC0-301F-11D3-BF4B-00C04F79EFBC}") = "Gateway", "src\Gateway\Gateway.csproj", "{D4E5F6A7-B8C9-0123-4567-890123CDEF01}"
EndProject
Project("{FAE04EC0-301F-11D3-BF4B-00C04F79EFBC}") = "IdentityService", "src\Services\IdentityService\IdentityService.csproj", "{E5F6A7B8-C9D0-1234-5678-901234DEF012}"
EndProject
Project("{FAE04EC0-301F-11D3-BF4B-00C04F79EFBC}") = "CatalogService", "src\Services\CatalogService\CatalogService.csproj", "{F6A7B8C9-D0E1-2345-6789-012345EF0123}"
EndProject
Project("{FAE04EC0-301F-11D3-BF4B-00C04F79EFBC}") = "InventoryService", "src\Services\InventoryService\InventoryService.csproj", "{01A2B3C4-D5E6-7890-1234-567890ABCDEF}"
EndProject
Project("{FAE04EC0-301F-11D3-BF4B-00C04F79EFBC}") = "OrderService", "src\Services\OrderService\OrderService.csproj", "{12B3C4D5-E6F7-8901-2345-678901BCDEF0}"
EndProject
Project("{FAE04EC0-301F-11D3-BF4B-00C04F79EFBC}") = "CustomerService", "src\Services\CustomerService\CustomerService.csproj", "{23C4D5E6-F7A8-9012-3456-789012CDEF01}"
EndProject
Project("{FAE04EC0-301F-11D3-BF4B-00C04F79EFBC}") = "PaymentService", "src\Services\PaymentService\PaymentService.csproj", "{34D5E6F7-A8B9-0123-4567-890123DEF012}"
EndProject
Project("{FAE04EC0-301F-11D3-BF4B-00C04F79EFBC}") = "NotificationService", "src\Services\NotificationService\NotificationService.csproj", "{A7B8C9D0-E1F2-3456-7890-123456F01234}"
EndProject
Project("{FAE04EC0-301F-11D3-BF4B-00C04F79EFBC}") = "SaaSCommon", "src\Shared\SaaSCommon\SaaSCommon.csproj", "{C9D0E1F2-A3B4-5678-9012-345678123456}"
EndProject
Project("{2150E333-8FDC-42A3-9474-1A3956D46DE8}") = "tests", "tests", "{F2754C6B-2174-4BBE-AF43-189DC74B2082}"
EndProject
Project("{2150E333-8FDC-42A3-9474-1A3956D46DE8}") = "tests\Services", "tests/Services", "{A9E25E8E-A0A5-4870-A23C-C613280DAC28}"
EndProject
Project("{2150E333-8FDC-42A3-9474-1A3956D46DE8}") = "tests\Shared", "tests/Shared", "{17DD74A7-A837-472D-A798-B60A6480F9F7}"
EndProject
Project("{FAE04EC0-301F-11D3-BF4B-00C04F79EFBC}") = "Gateway.Tests", "tests\Gateway.Tests\Gateway.Tests.csproj", "{7E65E3F6-CE2F-4E39-A379-CD730E8E563D}"
EndProject
Project("{FAE04EC0-301F-11D3-BF4B-00C04F79EFBC}") = "IdentityService.Tests", "tests\Services\IdentityService.Tests\IdentityService.Tests.csproj", "{54B85F48-7B94-482B-896D-64AD16F621B8}"
EndProject
Project("{FAE04EC0-301F-11D3-BF4B-00C04F79EFBC}") = "CatalogService.Tests", "tests\Services\CatalogService.Tests\CatalogService.Tests.csproj", "{6DC3D6AF-E746-4B54-A195-7EC8A8258E67}"
EndProject
Project("{FAE04EC0-301F-11D3-BF4B-00C04F79EFBC}") = "InventoryService.Tests", "tests\Services\InventoryService.Tests\InventoryService.Tests.csproj", "{3BB883C1-D670-4873-8CA3-3BB6F031BAA1}"
EndProject
Project("{FAE04EC0-301F-11D3-BF4B-00C04F79EFBC}") = "OrderService.Tests", "tests\Services\OrderService.Tests\OrderService.Tests.csproj", "{32281E71-6DC7-4A2F-89CB-8A7EE07E8745}"
EndProject
Project("{FAE04EC0-301F-11D3-BF4B-00C04F79EFBC}") = "CustomerService.Tests", "tests\Services\CustomerService.Tests\CustomerService.Tests.csproj", "{8606D8E5-54F5-4346-BC20-C0A0A7FEC033}"
EndProject
Project("{FAE04EC0-301F-11D3-BF4B-00C04F79EFBC}") = "PaymentService.Tests", "tests\Services\PaymentService.Tests\PaymentService.Tests.csproj", "{85C45035-09AB-4D8C-8F21-0390BC923BAA}"
EndProject
Project("{FAE04EC0-301F-11D3-BF4B-00C04F79EFBC}") = "NotificationService.Tests", "tests\Services\NotificationService.Tests\NotificationService.Tests.csproj", "{7BB733F7-C576-4619-88DE-CC1A3D8A2080}"
EndProject
Project("{FAE04EC0-301F-11D3-BF4B-00C04F79EFBC}") = "SaaSCommon.Tests", "tests\Shared\SaaSCommon.Tests\SaaSCommon.Tests.csproj", "{091B7C5F-D2F7-4085-94BF-05725681971A}"
EndProject
Global
	GlobalSection(SolutionConfigurationPlatforms) = preSolution
		Debug|Any CPU = Debug|Any CPU
		Release|Any CPU = Release|Any CPU
	EndGlobalSection
	GlobalSection(ProjectConfigurationPlatforms) = postSolution
		{D4E5F6A7-B8C9-0123-4567-890123CDEF01}.Debug|Any CPU.ActiveCfg = Debug|Any CPU
		{D4E5F6A7-B8C9-0123-4567-890123CDEF01}.Debug|Any CPU.Build.0 = Debug|Any CPU
		{D4E5F6A7-B8C9-0123-4567-890123CDEF01}.Release|Any CPU.ActiveCfg = Release|Any CPU
		{D4E5F6A7-B8C9-0123-4567-890123CDEF01}.Release|Any CPU.Build.0 = Release|Any CPU
		{E5F6A7B8-C9D0-1234-5678-901234DEF012}.Debug|Any CPU.ActiveCfg = Debug|Any CPU
		{E5F6A7B8-C9D0-1234-5678-901234DEF012}.Debug|Any CPU.Build.0 = Debug|Any CPU
		{E5F6A7B8-C9D0-1234-5678-901234DEF012}.Release|Any CPU.ActiveCfg = Release|Any CPU
		{E5F6A7B8-C9D0-1234-5678-901234DEF012}.Release|Any CPU.Build.0 = Release|Any CPU
		{F6A7B8C9-D0E1-2345-6789-012345EF0123}.Debug|Any CPU.ActiveCfg = Debug|Any CPU
		{F6A7B8C9-D0E1-2345-6789-012345EF0123}.Debug|Any CPU.Build.0 = Debug|Any CPU
		{F6A7B8C9-D0E1-2345-6789-012345EF0123}.Release|Any CPU.ActiveCfg = Release|Any CPU
		{F6A7B8C9-D0E1-2345-6789-012345EF0123}.Release|Any CPU.Build.0 = Release|Any CPU
		{01A2B3C4-D5E6-7890-1234-567890ABCDEF}.Debug|Any CPU.ActiveCfg = Debug|Any CPU
		{01A2B3C4-D5E6-7890-1234-567890ABCDEF}.Debug|Any CPU.Build.0 = Debug|Any CPU
		{01A2B3C4-D5E6-7890-1234-567890ABCDEF}.Release|Any CPU.ActiveCfg = Release|Any CPU
		{01A2B3C4-D5E6-7890-1234-567890ABCDEF}.Release|Any CPU.Build.0 = Release|Any CPU
		{12B3C4D5-E6F7-8901-2345-678901BCDEF0}.Debug|Any CPU.ActiveCfg = Debug|Any CPU
		{12B3C4D5-E6F7-8901-2345-678901BCDEF0}.Debug|Any CPU.Build.0 = Debug|Any CPU
		{12B3C4D5-E6F7-8901-2345-678901BCDEF0}.Release|Any CPU.ActiveCfg = Release|Any CPU
		{12B3C4D5-E6F7-8901-2345-678901BCDEF0}.Release|Any CPU.Build.0 = Release|Any CPU
		{23C4D5E6-F7A8-9012-3456-789012CDEF01}.Debug|Any CPU.ActiveCfg = Debug|Any CPU
		{23C4D5E6-F7A8-9012-3456-789012CDEF01}.Debug|Any CPU.Build.0 = Debug|Any CPU
		{23C4D5E6-F7A8-9012-3456-789012CDEF01}.Release|Any CPU.ActiveCfg = Release|Any CPU
		{23C4D5E6-F7A8-9012-3456-789012CDEF01}.Release|Any CPU.Build.0 = Release|Any CPU
		{34D5E6F7-A8B9-0123-4567-890123DEF012}.Debug|Any CPU.ActiveCfg = Debug|Any CPU
		{34D5E6F7-A8B9-0123-4567-890123DEF012}.Debug|Any CPU.Build.0 = Debug|Any CPU
		{34D5E6F7-A8B9-0123-4567-890123DEF012}.Release|Any CPU.ActiveCfg = Release|Any CPU
		{34D5E6F7-A8B9-0123-4567-890123DEF012}.Release|Any CPU.Build.0 = Release|Any CPU
		{A7B8C9D0-E1F2-3456-7890-123456F01234}.Debug|Any CPU.ActiveCfg = Debug|Any CPU
		{A7B8C9D0-E1F2-3456-7890-123456F01234}.Debug|Any CPU.Build.0 = Debug|Any CPU
		{A7B8C9D0-E1F2-3456-7890-123456F01234}.Release|Any CPU.ActiveCfg = Release|Any CPU
		{A7B8C9D0-E1F2-3456-7890-123456F01234}.Release|Any CPU.Build.0 = Release|Any CPU
		{C9D0E1F2-A3B4-5678-9012-345678123456}.Debug|Any CPU.ActiveCfg = Debug|Any CPU
		{C9D0E1F2-A3B4-5678-9012-345678123456}.Debug|Any CPU.Build.0 = Debug|Any CPU
		{C9D0E1F2-A3B4-5678-9012-345678123456}.Release|Any CPU.ActiveCfg = Release|Any CPU
		{C9D0E1F2-A3B4-5678-9012-345678123456}.Release|Any CPU.Build.0 = Release|Any CPU
		{F2754C6B-2174-4BBE-AF43-189DC74B2082}.Debug|Any CPU.ActiveCfg = Debug|Any CPU
		{F2754C6B-2174-4BBE-AF43-189DC74B2082}.Debug|Any CPU.Build.0 = Debug|Any CPU
		{F2754C6B-2174-4BBE-AF43-189DC74B2082}.Release|Any CPU.ActiveCfg = Release|Any CPU
		{F2754C6B-2174-4BBE-AF43-189DC74B2082}.Release|Any CPU.Build.0 = Release|Any CPU
		{A9E25E8E-A0A5-4870-A23C-C613280DAC28}.Debug|Any CPU.ActiveCfg = Debug|Any CPU
		{A9E25E8E-A0A5-4870-A23C-C613280DAC28}.Debug|Any CPU.Build.0 = Debug|Any CPU
		{A9E25E8E-A0A5-4870-A23C-C613280DAC28}.Release|Any CPU.ActiveCfg = Release|Any CPU
		{A9E25E8E-A0A5-4870-A23C-C613280DAC28}.Release|Any CPU.Build.0 = Release|Any CPU
		{17DD74A7-A837-472D-A798-B60A6480F9F7}.Debug|Any CPU.ActiveCfg = Debug|Any CPU
		{17DD74A7-A837-472D-A798-B60A6480F9F7}.Debug|Any CPU.Build.0 = Debug|Any CPU
		{17DD74A7-A837-472D-A798-B60A6480F9F7}.Release|Any CPU.ActiveCfg = Release|Any CPU
		{17DD74A7-A837-472D-A798-B60A6480F9F7}.Release|Any CPU.Build.0 = Release|Any CPU
		{7E65E3F6-CE2F-4E39-A379-CD730E8E563D}.Debug|Any CPU.ActiveCfg = Debug|Any CPU
		{7E65E3F6-CE2F-4E39-A379-CD730E8E563D}.Debug|Any CPU.Build.0 = Debug|Any CPU
		{7E65E3F6-CE2F-4E39-A379-CD730E8E563D}.Release|Any CPU.ActiveCfg = Release|Any CPU
		{7E65E3F6-CE2F-4E39-A379-CD730E8E563D}.Release|Any CPU.Build.0 = Release|Any CPU
		{54B85F48-7B94-482B-896D-64AD16F621B8}.Debug|Any CPU.ActiveCfg = Debug|Any CPU
		{54B85F48-7B94-482B-896D-64AD16F621B8}.Debug|Any CPU.Build.0 = Debug|Any CPU
		{54B85F48-7B94-482B-896D-64AD16F621B8}.Release|Any CPU.ActiveCfg = Release|Any CPU
		{54B85F48-7B94-482B-896D-64AD16F621B8}.Release|Any CPU.Build.0 = Release|Any CPU
		{6DC3D6AF-E746-4B54-A195-7EC8A8258E67}.Debug|Any CPU.ActiveCfg = Debug|Any CPU
		{6DC3D6AF-E746-4B54-A195-7EC8A8258E67}.Debug|Any CPU.Build.0 = Debug|Any CPU
		{6DC3D6AF-E746-4B54-A195-7EC8A8258E67}.Release|Any CPU.ActiveCfg = Release|Any CPU
		{6DC3D6AF-E746-4B54-A195-7EC8A8258E67}.Release|Any CPU.Build.0 = Release|Any CPU
		{3BB883C1-D670-4873-8CA3-3BB6F031BAA1}.Debug|Any CPU.ActiveCfg = Debug|Any CPU
		{3BB883C1-D670-4873-8CA3-3BB6F031BAA1}.Debug|Any CPU.Build.0 = Debug|Any CPU
		{3BB883C1-D670-4873-8CA3-3BB6F031BAA1}.Release|Any CPU.ActiveCfg = Release|Any CPU
		{3BB883C1-D670-4873-8CA3-3BB6F031BAA1}.Release|Any CPU.Build.0 = Release|Any CPU
		{32281E71-6DC7-4A2F-89CB-8A7EE07E8745}.Debug|Any CPU.ActiveCfg = Debug|Any CPU
		{32281E71-6DC7-4A2F-89CB-8A7EE07E8745}.Debug|Any CPU.Build.0 = Debug|Any CPU
		{32281E71-6DC7-4A2F-89CB-8A7EE07E8745}.Release|Any CPU.ActiveCfg = Release|Any CPU
		{32281E71-6DC7-4A2F-89CB-8A7EE07E8745}.Release|Any CPU.Build.0 = Release|Any CPU
		{8606D8E5-54F5-4346-BC20-C0A0A7FEC033}.Debug|Any CPU.ActiveCfg = Debug|Any CPU
		{8606D8E5-54F5-4346-BC20-C0A0A7FEC033}.Debug|Any CPU.Build.0 = Debug|Any CPU
		{8606D8E5-54F5-4346-BC20-C0A0A7FEC033}.Release|Any CPU.ActiveCfg = Release|Any CPU
		{8606D8E5-54F5-4346-BC20-C0A0A7FEC033}.Release|Any CPU.Build.0 = Release|Any CPU
		{85C45035-09AB-4D8C-8F21-0390BC923BAA}.Debug|Any CPU.ActiveCfg = Debug|Any CPU
		{85C45035-09AB-4D8C-8F21-0390BC923BAA}.Debug|Any CPU.Build.0 = Debug|Any CPU
		{85C45035-09AB-4D8C-8F21-0390BC923BAA}.Release|Any CPU.ActiveCfg = Release|Any CPU
		{85C45035-09AB-4D8C-8F21-0390BC923BAA}.Release|Any CPU.Build.0 = Release|Any CPU
		{7BB733F7-C576-4619-88DE-CC1A3D8A2080}.Debug|Any CPU.ActiveCfg = Debug|Any CPU
		{7BB733F7-C576-4619-88DE-CC1A3D8A2080}.Debug|Any CPU.Build.0 = Debug|Any CPU
		{7BB733F7-C576-4619-88DE-CC1A3D8A2080}.Release|Any CPU.ActiveCfg = Release|Any CPU
		{7BB733F7-C576-4619-88DE-CC1A3D8A2080}.Release|Any CPU.Build.0 = Release|Any CPU
		{091B7C5F-D2F7-4085-94BF-05725681971A}.Debug|Any CPU.ActiveCfg = Debug|Any CPU
		{091B7C5F-D2F7-4085-94BF-05725681971A}.Debug|Any CPU.Build.0 = Debug|Any CPU
		{091B7C5F-D2F7-4085-94BF-05725681971A}.Release|Any CPU.ActiveCfg = Release|Any CPU
		{091B7C5F-D2F7-4085-94BF-05725681971A}.Release|Any CPU.Build.0 = Release|Any CPU
	EndGlobalSection
	GlobalSection(SolutionProperties) = preSolution
		HideSolutionNode = FALSE
	EndGlobalSection
	GlobalSection(NestedProjects) = preSolution
		{D4E5F6A7-B8C9-0123-4567-890123CDEF01} = {C8F8A561-17B5-4E6E-9E2C-1D8E1A7F3E2B}
		{A1B2C3D4-E5F6-7890-1234-567890ABCDEF} = {C8F8A561-17B5-4E6E-9E2C-1D8E1A7F3E2B}
		{B2C3D4E5-F6A7-8901-2345-678901BCDEF0} = {C8F8A561-17B5-4E6E-9E2C-1D8E1A7F3E2B}
		{E5F6A7B8-C9D0-1234-5678-901234DEF012} = {A1B2C3D4-E5F6-7890-1234-567890ABCDEF}
		{F6A7B8C9-D0E1-2345-6789-012345EF0123} = {A1B2C3D4-E5F6-7890-1234-567890ABCDEF}
		{01A2B3C4-D5E6-7890-1234-567890ABCDEF} = {A1B2C3D4-E5F6-7890-1234-567890ABCDEF}
		{12B3C4D5-E6F7-8901-2345-678901BCDEF0} = {A1B2C3D4-E5F6-7890-1234-567890ABCDEF}
		{23C4D5E6-F7A8-9012-3456-789012CDEF01} = {A1B2C3D4-E5F6-7890-1234-567890ABCDEF}
		{34D5E6F7-A8B9-0123-4567-890123DEF012} = {A1B2C3D4-E5F6-7890-1234-567890ABCDEF}
		{A7B8C9D0-E1F2-3456-7890-123456F01234} = {A1B2C3D4-E5F6-7890-1234-567890ABCDEF}
		{C9D0E1F2-A3B4-5678-9012-345678123456} = {B2C3D4E5-F6A7-8901-2345-678901BCDEF0}
		{A9E25E8E-A0A5-4870-A23C-C613280DAC28} = {F2754C6B-2174-4BBE-AF43-189DC74B2082}
		{17DD74A7-A837-472D-A798-B60A6480F9F7} = {F2754C6B-2174-4BBE-AF43-189DC74B2082}
		{54B85F48-7B94-482B-896D-64AD16F621B8} = {A9E25E8E-A0A5-4870-A23C-C613280DAC28}
		{6DC3D6AF-E746-4B54-A195-7EC8A8258E67} = {A9E25E8E-A0A5-4870-A23C-C613280DAC28}
		{3BB883C1-D670-4873-8CA3-3BB6F031BAA1} = {A9E25E8E-A0A5-4870-A23C-C613280DAC28}
		{32281E71-6DC7-4A2F-89CB-8A7EE07E8745} = {A9E25E8E-A0A5-4870-A23C-C613280DAC28}
		{8606D8E5-54F5-4346-BC20-C0A0A7FEC033} = {A9E25E8E-A0A5-4870-A23C-C613280DAC28}
		{85C45035-09AB-4D8C-8F21-0390BC923BAA} = {A9E25E8E-A0A5-4870-A23C-C613280DAC28}
		{7BB733F7-C576-4619-88DE-CC1A3D8A2080} = {A9E25E8E-A0A5-4870-A23C-C613280DAC28}
		{091B7C5F-D2F7-4085-94BF-05725681971A} = {17DD74A7-A837-472D-A798-B60A6480F9F7}
		{7E65E3F6-CE2F-4E39-A379-CD730E8E563D} = {F2754C6B-2174-4BBE-AF43-189DC74B2082}
	EndGlobalSection
EndGlobal
