Microsoft Visual Studio Solution File, Format Version 12.00
# Visual Studio Version 17
VisualStudioVersion = 17.0.31903.59
MinimumVisualStudioVersion = 10.0.40219.1
Project("{2150E333-8FDC-42A3-9474-1A3956D46DE8}") = "src", "src", "{C8F8A561-17B5-4E6E-9E2C-1D8E1A7F3E2B}"
EndProject
Project("{2150E333-8FDC-42A3-9474-1A3956D46DE8}") = "Services", "Services", "{A1B2C3D4-E5F6-7890-1234-567890ABCDEF}"
EndProject
Project("{2150E333-8FDC-42A3-9474-1A3956D46DE8}") = "Shared", "Shared", "{B2C3D4E5-F6A7-8901-2345-678901BCDEF0}"
EndProject
Project("{FAE04EC0-301F-11D3-BF4B-00C04F79EFBC}") = "Gateway", "src\Gateway\Gateway.csproj", "{D4E5F6A7-B8C9-0123-4567-890123CDEF01}"
EndProject
Project("{FAE04EC0-301F-11D3-BF4B-00C04F79EFBC}") = "IdentityService", "src\Services\IdentityService\IdentityService.csproj", "{E5F6A7B8-C9D0-1234-5678-901234DEF012}"
EndProject
Project("{FAE04EC0-301F-11D3-BF4B-00C04F79EFBC}") = "CatalogService", "src\Services\CatalogService\CatalogService.csproj", "{F6A7B8C9-D0E1-2345-6789-012345EF0123}"
EndProject
Project("{FAE04EC0-301F-11D3-BF4B-00C04F79EFBC}") = "InventoryService", "src\Services\InventoryService\InventoryService.csproj", "{01A2B3C4-D5E6-7890-1234-567890ABCDEF}"
EndProject
Project("{FAE04EC0-301F-11D3-BF4B-00C04F79EFBC}") = "OrderService", "src\Services\OrderService\OrderService.csproj", "{12B3C4D5-E6F7-8901-2345-678901BCDEF0}"
EndProject
Project("{FAE04EC0-301F-11D3-BF4B-00C04F79EFBC}") = "CustomerService", "src\Services\CustomerService\CustomerService.csproj", "{23C4D5E6-F7A8-9012-3456-789012CDEF01}"
EndProject
Project("{FAE04EC0-301F-11D3-BF4B-00C04F79EFBC}") = "PaymentService", "src\Services\PaymentService\PaymentService.csproj", "{34D5E6F7-A8B9-0123-4567-890123DEF012}"
EndProject
Project("{FAE04EC0-301F-11D3-BF4B-00C04F79EFBC}") = "NotificationService", "src\Services\NotificationService\NotificationService.csproj", "{A7B8C9D0-E1F2-3456-7890-123456F01234}"
EndProject
Project("{FAE04EC0-301F-11D3-BF4B-00C04F79EFBC}") = "SaaSCommon", "src\Shared\SaaSCommon\SaaSCommon.csproj", "{C9D0E1F2-A3B4-5678-9012-345678123456}"
EndProject
Global
	GlobalSection(SolutionConfigurationPlatforms) = preSolution
		Debug|Any CPU = Debug|Any CPU
		Release|Any CPU = Release|Any CPU
	EndGlobalSection
	GlobalSection(ProjectConfigurationPlatforms) = postSolution
		{D4E5F6A7-B8C9-0123-4567-890123CDEF01}.Debug|Any CPU.ActiveCfg = Debug|Any CPU
		{D4E5F6A7-B8C9-0123-4567-890123CDEF01}.Debug|Any CPU.Build.0 = Debug|Any CPU
		{D4E5F6A7-B8C9-0123-4567-890123CDEF01}.Release|Any CPU.ActiveCfg = Release|Any CPU
		{D4E5F6A7-B8C9-0123-4567-890123CDEF01}.Release|Any CPU.Build.0 = Release|Any CPU
		{E5F6A7B8-C9D0-1234-5678-901234DEF012}.Debug|Any CPU.ActiveCfg = Debug|Any CPU
		{E5F6A7B8-C9D0-1234-5678-901234DEF012}.Debug|Any CPU.Build.0 = Debug|Any CPU
		{E5F6A7B8-C9D0-1234-5678-901234DEF012}.Release|Any CPU.ActiveCfg = Release|Any CPU
		{E5F6A7B8-C9D0-1234-5678-901234DEF012}.Release|Any CPU.Build.0 = Release|Any CPU
		{F6A7B8C9-D0E1-2345-6789-012345EF0123}.Debug|Any CPU.ActiveCfg = Debug|Any CPU
		{F6A7B8C9-D0E1-2345-6789-012345EF0123}.Debug|Any CPU.Build.0 = Debug|Any CPU
		{F6A7B8C9-D0E1-2345-6789-012345EF0123}.Release|Any CPU.ActiveCfg = Release|Any CPU
		{F6A7B8C9-D0E1-2345-6789-012345EF0123}.Release|Any CPU.Build.0 = Release|Any CPU
		{01A2B3C4-D5E6-7890-1234-567890ABCDEF}.Debug|Any CPU.ActiveCfg = Debug|Any CPU
		{01A2B3C4-D5E6-7890-1234-567890ABCDEF}.Debug|Any CPU.Build.0 = Debug|Any CPU
		{01A2B3C4-D5E6-7890-1234-567890ABCDEF}.Release|Any CPU.ActiveCfg = Release|Any CPU
		{01A2B3C4-D5E6-7890-1234-567890ABCDEF}.Release|Any CPU.Build.0 = Release|Any CPU
		{12B3C4D5-E6F7-8901-2345-678901BCDEF0}.Debug|Any CPU.ActiveCfg = Debug|Any CPU
		{12B3C4D5-E6F7-8901-2345-678901BCDEF0}.Debug|Any CPU.Build.0 = Debug|Any CPU
		{12B3C4D5-E6F7-8901-2345-678901BCDEF0}.Release|Any CPU.ActiveCfg = Release|Any CPU
		{12B3C4D5-E6F7-8901-2345-678901BCDEF0}.Release|Any CPU.Build.0 = Release|Any CPU
		{23C4D5E6-F7A8-9012-3456-789012CDEF01}.Debug|Any CPU.ActiveCfg = Debug|Any CPU
		{23C4D5E6-F7A8-9012-3456-789012CDEF01}.Debug|Any CPU.Build.0 = Debug|Any CPU
		{23C4D5E6-F7A8-9012-3456-789012CDEF01}.Release|Any CPU.ActiveCfg = Release|Any CPU
		{23C4D5E6-F7A8-9012-3456-789012CDEF01}.Release|Any CPU.Build.0 = Release|Any CPU
		{34D5E6F7-A8B9-0123-4567-890123DEF012}.Debug|Any CPU.ActiveCfg = Debug|Any CPU
		{34D5E6F7-A8B9-0123-4567-890123DEF012}.Debug|Any CPU.Build.0 = Debug|Any CPU
		{34D5E6F7-A8B9-0123-4567-890123DEF012}.Release|Any CPU.ActiveCfg = Release|Any CPU
		{34D5E6F7-A8B9-0123-4567-890123DEF012}.Release|Any CPU.Build.0 = Release|Any CPU
		{A7B8C9D0-E1F2-3456-7890-123456F01234}.Debug|Any CPU.ActiveCfg = Debug|Any CPU
		{A7B8C9D0-E1F2-3456-7890-123456F01234}.Debug|Any CPU.Build.0 = Debug|Any CPU
		{A7B8C9D0-E1F2-3456-7890-123456F01234}.Release|Any CPU.ActiveCfg = Release|Any CPU
		{A7B8C9D0-E1F2-3456-7890-123456F01234}.Release|Any CPU.Build.0 = Release|Any CPU
		{C9D0E1F2-A3B4-5678-9012-345678123456}.Debug|Any CPU.ActiveCfg = Debug|Any CPU
		{C9D0E1F2-A3B4-5678-9012-345678123456}.Debug|Any CPU.Build.0 = Debug|Any CPU
		{C9D0E1F2-A3B4-5678-9012-345678123456}.Release|Any CPU.ActiveCfg = Release|Any CPU
		{C9D0E1F2-A3B4-5678-9012-345678123456}.Release|Any CPU.Build.0 = Release|Any CPU
	EndGlobalSection
	GlobalSection(SolutionProperties) = preSolution
		HideSolutionNode = FALSE
	EndGlobalSection
	GlobalSection(NestedProjects) = preSolution
		{D4E5F6A7-B8C9-0123-4567-890123CDEF01} = {C8F8A561-17B5-4E6E-9E2C-1D8E1A7F3E2B}
		{A1B2C3D4-E5F6-7890-1234-567890ABCDEF} = {C8F8A561-17B5-4E6E-9E2C-1D8E1A7F3E2B}
		{B2C3D4E5-F6A7-8901-2345-678901BCDEF0} = {C8F8A561-17B5-4E6E-9E2C-1D8E1A7F3E2B}
		{E5F6A7B8-C9D0-1234-5678-901234DEF012} = {A1B2C3D4-E5F6-7890-1234-567890ABCDEF}
		{F6A7B8C9-D0E1-2345-6789-012345EF0123} = {A1B2C3D4-E5F6-7890-1234-567890ABCDEF}
		{01A2B3C4-D5E6-7890-1234-567890ABCDEF} = {A1B2C3D4-E5F6-7890-1234-567890ABCDEF}
		{12B3C4D5-E6F7-8901-2345-678901BCDEF0} = {A1B2C3D4-E5F6-7890-1234-567890ABCDEF}
		{23C4D5E6-F7A8-9012-3456-789012CDEF01} = {A1B2C3D4-E5F6-7890-1234-567890ABCDEF}
		{34D5E6F7-A8B9-0123-4567-890123DEF012} = {A1B2C3D4-E5F6-7890-1234-567890ABCDEF}
		{A7B8C9D0-E1F2-3456-7890-123456F01234} = {A1B2C3D4-E5F6-7890-1234-567890ABCDEF}
		{C9D0E1F2-A3B4-5678-9012-345678123456} = {B2C3D4E5-F6A7-8901-2345-678901BCDEF0}
	EndGlobalSection
EndGlobal
